// !$*UTF8*$!
{
	archiveVersion = 1;
	classes = {
	};
	objectVersion = 50;
	objects = {

/* Begin PBXBuildFile section */
		44E101E426A9A77500385419 /* CapmealApp.swift in Sources */ = {isa = PBXBuildFile; fileRef = 44E101E326A9A77500385419 /* CapmealApp.swift */; };
		44E101E626A9A77500385419 /* ContentView.swift in Sources */ = {isa = PBXBuildFile; fileRef = 44E101E526A9A77500385419 /* ContentView.swift */; };
		44E101E826A9A77600385419 /* Assets.xcassets in Resources */ = {isa = PBXBuildFile; fileRef = 44E101E726A9A77600385419 /* Assets.xcassets */; };
		44E101EB26A9A77600385419 /* Preview Assets.xcassets in Resources */ = {isa = PBXBuildFile; fileRef = 44E101EA26A9A77600385419 /* Preview Assets.xcassets */; };
		44E101F926A9ABB700385419 /* CoreDataViewModel.swift in Sources */ = {isa = PBXBuildFile; fileRef = 44E101F826A9ABB700385419 /* CoreDataViewModel.swift */; };
		44E101FD26A9ADC700385419 /* CapmealModel.xcdatamodeld in Sources */ = {isa = PBXBuildFile; fileRef = 44E101FB26A9ADC700385419 /* CapmealModel.xcdatamodeld */; };
/* End PBXBuildFile section */

/* Begin PBXFileReference section */
		44E101E026A9A77500385419 /* Capmeal.app */ = {isa = PBXFileReference; explicitFileType = wrapper.application; includeInIndex = 0; path = Capmeal.app; sourceTree = BUILT_PRODUCTS_DIR; };
		44E101E326A9A77500385419 /* CapmealApp.swift */ = {isa = PBXFileReference; lastKnownFileType = sourcecode.swift; path = CapmealApp.swift; sourceTree = "<group>"; };
		44E101E526A9A77500385419 /* ContentView.swift */ = {isa = PBXFileReference; lastKnownFileType = sourcecode.swift; path = ContentView.swift; sourceTree = "<group>"; };
		44E101E726A9A77600385419 /* Assets.xcassets */ = {isa = PBXFileReference; lastKnownFileType = folder.assetcatalog; path = Assets.xcassets; sourceTree = "<group>"; };
		44E101EA26A9A77600385419 /* Preview Assets.xcassets */ = {isa = PBXFileReference; lastKnownFileType = folder.assetcatalog; path = "Preview Assets.xcassets"; sourceTree = "<group>"; };
		44E101EC26A9A77600385419 /* Info.plist */ = {isa = PBXFileReference; lastKnownFileType = text.plist.xml; path = Info.plist; sourceTree = "<group>"; };
		44E101F826A9ABB700385419 /* CoreDataViewModel.swift */ = {isa = PBXFileReference; lastKnownFileType = sourcecode.swift; path = CoreDataViewModel.swift; sourceTree = "<group>"; };
		44E101FC26A9ADC700385419 /* CapmealModel.xcdatamodel */ = {isa = PBXFileReference; lastKnownFileType = wrapper.xcdatamodel; path = CapmealModel.xcdatamodel; sourceTree = "<group>"; };
/* End PBXFileReference section */

/* Begin PBXFrameworksBuildPhase section */
		44E101DD26A9A77500385419 /* Frameworks */ = {
			isa = PBXFrameworksBuildPhase;
			buildActionMask = 2147483647;
			files = (
			);
			runOnlyForDeploymentPostprocessing = 0;
		};
/* End PBXFrameworksBuildPhase section */

/* Begin PBXGroup section */
		44E101D726A9A77500385419 = {
			isa = PBXGroup;
			children = (
				44E101E226A9A77500385419 /* Capmeal */,
				44E101E126A9A77500385419 /* Products */,
			);
			sourceTree = "<group>";
		};
		44E101E126A9A77500385419 /* Products */ = {
			isa = PBXGroup;
			children = (
				44E101E026A9A77500385419 /* Capmeal.app */,
			);
			name = Products;
			sourceTree = "<group>";
		};
		44E101E226A9A77500385419 /* Capmeal */ = {
			isa = PBXGroup;
			children = (
				44E101F526A9AAEB00385419 /* Model */,
				44E101F426A9AAE500385419 /* View */,
				44E101F326A9AAD300385419 /* ViewModel */,
				44E101E326A9A77500385419 /* CapmealApp.swift */,
				44E101E726A9A77600385419 /* Assets.xcassets */,
				44E101EC26A9A77600385419 /* Info.plist */,
				44E101E926A9A77600385419 /* Preview Content */,
			);
			path = Capmeal;
			sourceTree = "<group>";
		};
		44E101E926A9A77600385419 /* Preview Content */ = {
			isa = PBXGroup;
			children = (
				44E101EA26A9A77600385419 /* Preview Assets.xcassets */,
			);
			path = "Preview Content";
			sourceTree = "<group>";
		};
		44E101F326A9AAD300385419 /* ViewModel */ = {
			isa = PBXGroup;
			children = (
				44E101F826A9ABB700385419 /* CoreDataViewModel.swift */,
			);
			path = ViewModel;
			sourceTree = "<group>";
		};
		44E101F426A9AAE500385419 /* View */ = {
			isa = PBXGroup;
			children = (
				44E101E526A9A77500385419 /* ContentView.swift */,
			);
			path = View;
			sourceTree = "<group>";
		};
		44E101F526A9AAEB00385419 /* Model */ = {
			isa = PBXGroup;
			children = (
				44E101FB26A9ADC700385419 /* CapmealModel.xcdatamodeld */,
			);
			path = Model;
			sourceTree = "<group>";
		};
/* End PBXGroup section */

/* Begin PBXNativeTarget section */
		44E101DF26A9A77500385419 /* Capmeal */ = {
			isa = PBXNativeTarget;
			buildConfigurationList = 44E101EF26A9A77600385419 /* Build configuration list for PBXNativeTarget "Capmeal" */;
			buildPhases = (
				44E101DC26A9A77500385419 /* Sources */,
				44E101DD26A9A77500385419 /* Frameworks */,
				44E101DE26A9A77500385419 /* Resources */,
			);
			buildRules = (
			);
			dependencies = (
			);
			name = Capmeal;
			productName = Capmeal;
			productReference = 44E101E026A9A77500385419 /* Capmeal.app */;
			productType = "com.apple.product-type.application";
		};
/* End PBXNativeTarget section */

/* Begin PBXProject section */
		44E101D826A9A77500385419 /* Project object */ = {
			isa = PBXProject;
			attributes = {
				LastSwiftUpdateCheck = 1240;
				LastUpgradeCheck = 1240;
				TargetAttributes = {
					44E101DF26A9A77500385419 = {
						CreatedOnToolsVersion = 12.4;
					};
				};
			};
			buildConfigurationList = 44E101DB26A9A77500385419 /* Build configuration list for PBXProject "Capmeal" */;
			compatibilityVersion = "Xcode 9.3";
			developmentRegion = en;
			hasScannedForEncodings = 0;
			knownRegions = (
				en,
				Base,
			);
			mainGroup = 44E101D726A9A77500385419;
			productRefGroup = 44E101E126A9A77500385419 /* Products */;
			projectDirPath = "";
			projectRoot = "";
			targets = (
				44E101DF26A9A77500385419 /* Capmeal */,
			);
		};
/* End PBXProject section */

/* Begin PBXResourcesBuildPhase section */
		44E101DE26A9A77500385419 /* Resources */ = {
			isa = PBXResourcesBuildPhase;
			buildActionMask = 2147483647;
			files = (
				44E101EB26A9A77600385419 /* Preview Assets.xcassets in Resources */,
				44E101E826A9A77600385419 /* Assets.xcassets in Resources */,
			);
			runOnlyForDeploymentPostprocessing = 0;
		};
/* End PBXResourcesBuildPhase section */

/* Begin PBXSourcesBuildPhase section */
		44E101DC26A9A77500385419 /* Sources */ = {
			isa = PBXSourcesBuildPhase;
			buildActionMask = 2147483647;
			files = (
				44E101E626A9A77500385419 /* ContentView.swift in Sources */,
				44E101FD26A9ADC700385419 /* CapmealModel.xcdatamodeld in Sources */,
				44E101F926A9ABB700385419 /* CoreDataViewModel.swift in Sources */,
				44E101E426A9A77500385419 /* CapmealApp.swift in Sources */,
			);
			runOnlyForDeploymentPostprocessing = 0;
		};
/* End PBXSourcesBuildPhase section */

/* Begin XCBuildConfiguration section */
		44E101ED26A9A77600385419 /* Debug */ = {
			isa = XCBuildConfiguration;
			buildSettings = {
				ALWAYS_SEARCH_USER_PATHS = NO;
				CLANG_ANALYZER_NONNULL = YES;
				CLANG_ANALYZER_NUMBER_OBJECT_CONVERSION = YES_AGGRESSIVE;
				CLANG_CXX_LANGUAGE_STANDARD = "gnu++14";
				CLANG_CXX_LIBRARY = "libc++";
				CLANG_ENABLE_MODULES = YES;
				CLANG_ENABLE_OBJC_ARC = YES;
				CLANG_ENABLE_OBJC_WEAK = YES;
				CLANG_WARN_BLOCK_CAPTURE_AUTORELEASING = YES;
				CLANG_WARN_BOOL_CONVERSION = YES;
				CLANG_WARN_COMMA = YES;
				CLANG_WARN_CONSTANT_CONVERSION = YES;
				CLANG_WARN_DEPRECATED_OBJC_IMPLEMENTATIONS = YES;
				CLANG_WARN_DIRECT_OBJC_ISA_USAGE = YES_ERROR;
				CLANG_WARN_DOCUMENTATION_COMMENTS = YES;
				CLANG_WARN_EMPTY_BODY = YES;
				CLANG_WARN_ENUM_CONVERSION = YES;
				CLANG_WARN_INFINITE_RECURSION = YES;
				CLANG_WARN_INT_CONVERSION = YES;
				CLANG_WARN_NON_LITERAL_NULL_CONVERSION = YES;
				CLANG_WARN_OBJC_IMPLICIT_RETAIN_SELF = YES;
				CLANG_WARN_OBJC_LITERAL_CONVERSION = YES;
				CLANG_WARN_OBJC_ROOT_CLASS = YES_ERROR;
				CLANG_WARN_QUOTED_INCLUDE_IN_FRAMEWORK_HEADER = YES;
				CLANG_WARN_RANGE_LOOP_ANALYSIS = YES;
				CLANG_WARN_STRICT_PROTOTYPES = YES;
				CLANG_WARN_SUSPICIOUS_MOVE = YES;
				CLANG_WARN_UNGUARDED_AVAILABILITY = YES_AGGRESSIVE;
				CLANG_WARN_UNREACHABLE_CODE = YES;
				CLANG_WARN__DUPLICATE_METHOD_MATCH = YES;
				COPY_PHASE_STRIP = NO;
				DEBUG_INFORMATION_FORMAT = dwarf;
				ENABLE_STRICT_OBJC_MSGSEND = YES;
				ENABLE_TESTABILITY = YES;
				GCC_C_LANGUAGE_STANDARD = gnu11;
				GCC_DYNAMIC_NO_PIC = NO;
				GCC_NO_COMMON_BLOCKS = YES;
				GCC_OPTIMIZATION_LEVEL = 0;
				GCC_PREPROCESSOR_DEFINITIONS = (
					"DEBUG=1",
					"$(inherited)",
				);
				GCC_WARN_64_TO_32_BIT_CONVERSION = YES;
				GCC_WARN_ABOUT_RETURN_TYPE = YES_ERROR;
				GCC_WARN_UNDECLARED_SELECTOR = YES;
				GCC_WARN_UNINITIALIZED_AUTOS = YES_AGGRESSIVE;
				GCC_WARN_UNUSED_FUNCTION = YES;
				GCC_WARN_UNUSED_VARIABLE = YES;
				IPHONEOS_DEPLOYMENT_TARGET = 14.4;
				MTL_ENABLE_DEBUG_INFO = INCLUDE_SOURCE;
				MTL_FAST_MATH = YES;
				ONLY_ACTIVE_ARCH = YES;
				SDKROOT = iphoneos;
				SWIFT_ACTIVE_COMPILATION_CONDITIONS = DEBUG;
				SWIFT_OPTIMIZATION_LEVEL = "-Onone";
			};
			name = Debug;
		};
		44E101EE26A9A77600385419 /* Release */ = {
			isa = XCBuildConfiguration;
			buildSettings = {
				ALWAYS_SEARCH_USER_PATHS = NO;
				CLANG_ANALYZER_NONNULL = YES;
				CLANG_ANALYZER_NUMBER_OBJECT_CONVERSION = YES_AGGRESSIVE;
				CLANG_CXX_LANGUAGE_STANDARD = "gnu++14";
				CLANG_CXX_LIBRARY = "libc++";
				CLANG_ENABLE_MODULES = YES;
				CLANG_ENABLE_OBJC_ARC = YES;
				CLANG_ENABLE_OBJC_WEAK = YES;
				CLANG_WARN_BLOCK_CAPTURE_AUTORELEASING = YES;
				CLANG_WARN_BOOL_CONVERSION = YES;
				CLANG_WARN_COMMA = YES;
				CLANG_WARN_CONSTANT_CONVERSION = YES;
				CLANG_WARN_DEPRECATED_OBJC_IMPLEMENTATIONS = YES;
				CLANG_WARN_DIRECT_OBJC_ISA_USAGE = YES_ERROR;
				CLANG_WARN_DOCUMENTATION_COMMENTS = YES;
				CLANG_WARN_EMPTY_BODY = YES;
				CLANG_WARN_ENUM_CONVERSION = YES;
				CLANG_WARN_INFINITE_RECURSION = YES;
				CLANG_WARN_INT_CONVERSION = YES;
				CLANG_WARN_NON_LITERAL_NULL_CONVERSION = YES;
				CLANG_WARN_OBJC_IMPLICIT_RETAIN_SELF = YES;
				CLANG_WARN_OBJC_LITERAL_CONVERSION = YES;
				CLANG_WARN_OBJC_ROOT_CLASS = YES_ERROR;
				CLANG_WARN_QUOTED_INCLUDE_IN_FRAMEWORK_HEADER = YES;
				CLANG_WARN_RANGE_LOOP_ANALYSIS = YES;
				CLANG_WARN_STRICT_PROTOTYPES = YES;
				CLANG_WARN_SUSPICIOUS_MOVE = YES;
				CLANG_WARN_UNGUARDED_AVAILABILITY = YES_AGGRESSIVE;
				CLANG_WARN_UNREACHABLE_CODE = YES;
				CLANG_WARN__DUPLICATE_METHOD_MATCH = YES;
				COPY_PHASE_STRIP = NO;
				DEBUG_INFORMATION_FORMAT = "dwarf-with-dsym";
				ENABLE_NS_ASSERTIONS = NO;
				ENABLE_STRICT_OBJC_MSGSEND = YES;
				GCC_C_LANGUAGE_STANDARD = gnu11;
				GCC_NO_COMMON_BLOCKS = YES;
				GCC_WARN_64_TO_32_BIT_CONVERSION = YES;
				GCC_WARN_ABOUT_RETURN_TYPE = YES_ERROR;
				GCC_WARN_UNDECLARED_SELECTOR = YES;
				GCC_WARN_UNINITIALIZED_AUTOS = YES_AGGRESSIVE;
				GCC_WARN_UNUSED_FUNCTION = YES;
				GCC_WARN_UNUSED_VARIABLE = YES;
				IPHONEOS_DEPLOYMENT_TARGET = 14.4;
				MTL_ENABLE_DEBUG_INFO = NO;
				MTL_FAST_MATH = YES;
				SDKROOT = iphoneos;
				SWIFT_COMPILATION_MODE = wholemodule;
				SWIFT_OPTIMIZATION_LEVEL = "-O";
				VALIDATE_PRODUCT = YES;
			};
			name = Release;
		};
		44E101F026A9A77600385419 /* Debug */ = {
			isa = XCBuildConfiguration;
			buildSettings = {
				ASSETCATALOG_COMPILER_APPICON_NAME = AppIcon;
				ASSETCATALOG_COMPILER_GLOBAL_ACCENT_COLOR_NAME = AccentColor;
				CODE_SIGN_STYLE = Automatic;
				DEVELOPMENT_ASSET_PATHS = "\"Capmeal/Preview Content\"";
				DEVELOPMENT_TEAM = HAAFQ8F93S;
				ENABLE_PREVIEWS = YES;
				INFOPLIST_FILE = Capmeal/Info.plist;
				IPHONEOS_DEPLOYMENT_TARGET = 14.0;
				LD_RUNPATH_SEARCH_PATHS = (
					"$(inherited)",
					"@executable_path/Frameworks",
				);
				PRODUCT_BUNDLE_IDENTIFIER = com.midperangkatlunak.Capmeal;
				PRODUCT_NAME = "$(TARGET_NAME)";
				SWIFT_VERSION = 5.0;
				TARGETED_DEVICE_FAMILY = "1,2";
			};
			name = Debug;
		};
		44E101F126A9A77600385419 /* Release */ = {
			isa = XCBuildConfiguration;
			buildSettings = {
				ASSETCATALOG_COMPILER_APPICON_NAME = AppIcon;
				ASSETCATALOG_COMPILER_GLOBAL_ACCENT_COLOR_NAME = AccentColor;
				CODE_SIGN_STYLE = Automatic;
				DEVELOPMENT_ASSET_PATHS = "\"Capmeal/Preview Content\"";
				DEVELOPMENT_TEAM = HAAFQ8F93S;
				ENABLE_PREVIEWS = YES;
				INFOPLIST_FILE = Capmeal/Info.plist;
				IPHONEOS_DEPLOYMENT_TARGET = 14.0;
				LD_RUNPATH_SEARCH_PATHS = (
					"$(inherited)",
					"@executable_path/Frameworks",
				);
				PRODUCT_BUNDLE_IDENTIFIER = com.midperangkatlunak.Capmeal;
				PRODUCT_NAME = "$(TARGET_NAME)";
				SWIFT_VERSION = 5.0;
				TARGETED_DEVICE_FAMILY = "1,2";
			};
			name = Release;
		};
/* End XCBuildConfiguration section */

/* Begin XCConfigurationList section */
		44E101DB26A9A77500385419 /* Build configuration list for PBXProject "Capmeal" */ = {
			isa = XCConfigurationList;
			buildConfigurations = (
				44E101ED26A9A77600385419 /* Debug */,
				44E101EE26A9A77600385419 /* Release */,
			);
			defaultConfigurationIsVisible = 0;
			defaultConfigurationName = Release;
		};
		44E101EF26A9A77600385419 /* Build configuration list for PBXNativeTarget "Capmeal" */ = {
			isa = XCConfigurationList;
			buildConfigurations = (
				44E101F026A9A77600385419 /* Debug */,
				44E101F126A9A77600385419 /* Release */,
			);
			defaultConfigurationIsVisible = 0;
			defaultConfigurationName = Release;
		};
/* End XCConfigurationList section */

/* Begin XCVersionGroup section */
		44E101FB26A9ADC700385419 /* CapmealModel.xcdatamodeld */ = {
			isa = XCVersionGroup;
			children = (
				44E101FC26A9ADC700385419 /* CapmealModel.xcdatamodel */,
			);
			currentVersion = 44E101FC26A9ADC700385419 /* CapmealModel.xcdatamodel */;
			path = CapmealModel.xcdatamodeld;
			sourceTree = "<group>";
			versionGroupType = wrapper.xcdatamodel;
		};
/* End XCVersionGroup section */
	};
	rootObject = 44E101D826A9A77500385419 /* Project object */;
}
